
Microsoft Visual Studio Solution File, Format Version 12.00
# Visual Studio Version 17
VisualStudioVersion = 17.4.33403.182
MinimumVisualStudioVersion = 10.0.40219.1
Project("{FAE04EC0-301F-11D3-BF4B-00C04F79EFBC}") = "ServerCreator", "ServerCreator\ServerCreator.csproj", "{DC356C2D-9415-4319-9DB7-ECF578B87AFA}"
EndProject
Global
	GlobalSection(SolutionConfigurationPlatforms) = preSolution
		Debug|Any CPU = Debug|Any CPU
		Release|Any CPU = Release|Any CPU
	EndGlobalSection
	GlobalSection(ProjectConfigurationPlatforms) = postSolution
		{DC356C2D-9415-4319-9DB7-ECF578B87AFA}.Debug|Any CPU.ActiveCfg = Debug|Any CPU
		{DC356C2D-9415-4319-9DB7-ECF578B87AFA}.Debug|Any CPU.Build.0 = Debug|Any CPU
		{DC356C2D-9415-4319-9DB7-ECF578B87AFA}.Release|Any CPU.ActiveCfg = Release|Any CPU
		{DC356C2D-9415-4319-9DB7-ECF578B87AFA}.Release|Any CPU.Build.0 = Release|Any CPU
	EndGlobalSection
	GlobalSection(SolutionProperties) = preSolution
		HideSolutionNode = FALSE
	EndGlobalSection
	GlobalSection(ExtensibilityGlobals) = postSolution
		SolutionGuid = {E730165A-D223-493C-AD76-D851D5537245}
	EndGlobalSection
EndGlobal
